
Microsoft Visual Studio Solution File, Format Version 12.00
# Visual Studio Version 17
VisualStudioVersion = 17.6.33815.320
MinimumVisualStudioVersion = 10.0.40219.1
Project("{FAE04EC0-301F-11D3-BF4B-00C04F79EFBC}") = "DictionaryChapter8", "DictionaryChapter8\DictionaryChapter8.csproj", "{01053127-1E4F-42A3-A86D-FACE36FDFE38}"
EndProject
Global
	GlobalSection(SolutionConfigurationPlatforms) = preSolution
		Debug|Any CPU = Debug|Any CPU
		Release|Any CPU = Release|Any CPU
	EndGlobalSection
	GlobalSection(ProjectConfigurationPlatforms) = postSolution
		{01053127-1E4F-42A3-A86D-FACE36FDFE38}.Debug|Any CPU.ActiveCfg = Debug|Any CPU
		{01053127-1E4F-42A3-A86D-FACE36FDFE38}.Debug|Any CPU.Build.0 = Debug|Any CPU
		{01053127-1E4F-42A3-A86D-FACE36FDFE38}.Release|Any CPU.ActiveCfg = Release|Any CPU
		{01053127-1E4F-42A3-A86D-FACE36FDFE38}.Release|Any CPU.Build.0 = Release|Any CPU
	EndGlobalSection
	GlobalSection(SolutionProperties) = preSolution
		HideSolutionNode = FALSE
	EndGlobalSection
	GlobalSection(ExtensibilityGlobals) = postSolution
		SolutionGuid = {F1387AD6-CA58-48A8-AD96-B53CC8D3B930}
	EndGlobalSection
EndGlobal
